
Microsoft Visual Studio Solution File, Format Version 12.00
# Visual Studio Version 17
VisualStudioVersion = 17.9.34616.47
MinimumVisualStudioVersion = 10.0.40219.1
Project("{FAE04EC0-301F-11D3-BF4B-00C04F79EFBC}") = "WebhookServer.Demo", "WebhookServer.Demo\WebhookServer.Demo.csproj", "{A6CE5EEF-69F9-49EF-B096-D93F5BB0765B}"
EndProject
Project("{2150E333-8FDC-42A3-9474-1A3956D46DE8}") = "Solution Items", "Solution Items", "{2668DC15-7B54-4B3C-84AB-D29A87D3B9F0}"
	ProjectSection(SolutionItems) = preProject
		.gitattributes = .gitattributes
		.gitignore = .gitignore
		README.md = README.md
	EndProjectSection
EndProject
Global
	GlobalSection(SolutionConfigurationPlatforms) = preSolution
		Debug|Any CPU = Debug|Any CPU
		Release|Any CPU = Release|Any CPU
	EndGlobalSection
	GlobalSection(ProjectConfigurationPlatforms) = postSolution
		{A6CE5EEF-69F9-49EF-B096-D93F5BB0765B}.Debug|Any CPU.ActiveCfg = Debug|Any CPU
		{A6CE5EEF-69F9-49EF-B096-D93F5BB0765B}.Debug|Any CPU.Build.0 = Debug|Any CPU
		{A6CE5EEF-69F9-49EF-B096-D93F5BB0765B}.Release|Any CPU.ActiveCfg = Release|Any CPU
		{A6CE5EEF-69F9-49EF-B096-D93F5BB0765B}.Release|Any CPU.Build.0 = Release|Any CPU
	EndGlobalSection
	GlobalSection(SolutionProperties) = preSolution
		HideSolutionNode = FALSE
	EndGlobalSection
	GlobalSection(ExtensibilityGlobals) = postSolution
		SolutionGuid = {4D92B63F-D3D9-469C-8A3F-1E9602F63792}
	EndGlobalSection
EndGlobal
